
Microsoft Visual Studio Solution File, Format Version 12.00
# Visual Studio Version 16
VisualStudioVersion = 16.0.29926.136
MinimumVisualStudioVersion = 10.0.40219.1
Project("{FAE04EC0-301F-11D3-BF4B-00C04F79EFBC}") = "CAI_GuiaRepaso", "CAI_GuiaRepaso\CAI_GuiaRepaso.csproj", "{D8722B8D-7FB9-4060-9811-4A365D50F8E2}"
EndProject
Global
	GlobalSection(SolutionConfigurationPlatforms) = preSolution
		Debug|Any CPU = Debug|Any CPU
		Release|Any CPU = Release|Any CPU
	EndGlobalSection
	GlobalSection(ProjectConfigurationPlatforms) = postSolution
		{D8722B8D-7FB9-4060-9811-4A365D50F8E2}.Debug|Any CPU.ActiveCfg = Debug|Any CPU
		{D8722B8D-7FB9-4060-9811-4A365D50F8E2}.Debug|Any CPU.Build.0 = Debug|Any CPU
		{D8722B8D-7FB9-4060-9811-4A365D50F8E2}.Release|Any CPU.ActiveCfg = Release|Any CPU
		{D8722B8D-7FB9-4060-9811-4A365D50F8E2}.Release|Any CPU.Build.0 = Release|Any CPU
	EndGlobalSection
	GlobalSection(SolutionProperties) = preSolution
		HideSolutionNode = FALSE
	EndGlobalSection
	GlobalSection(ExtensibilityGlobals) = postSolution
		SolutionGuid = {FB67631F-3DAF-4C90-8BBA-CF6E7412F16E}
	EndGlobalSection
EndGlobal
